
Microsoft Visual Studio Solution File, Format Version 12.00
# Visual Studio 15
VisualStudioVersion = 15.0.27703.2047
MinimumVisualStudioVersion = 10.0.40219.1
Project("{9A19103F-16F7-4668-BE54-9A1E7A4F7556}") = "OnlineShop_WebApp", "OnlineShop_WebApp\OnlineShop_WebApp.csproj", "{EDFCE345-8358-4051-AD5F-23DB14517861}"
EndProject
Global
	GlobalSection(SolutionConfigurationPlatforms) = preSolution
		Debug|Any CPU = Debug|Any CPU
		Release|Any CPU = Release|Any CPU
	EndGlobalSection
	GlobalSection(ProjectConfigurationPlatforms) = postSolution
		{EDFCE345-8358-4051-AD5F-23DB14517861}.Debug|Any CPU.ActiveCfg = Debug|Any CPU
		{EDFCE345-8358-4051-AD5F-23DB14517861}.Debug|Any CPU.Build.0 = Debug|Any CPU
		{EDFCE345-8358-4051-AD5F-23DB14517861}.Release|Any CPU.ActiveCfg = Release|Any CPU
		{EDFCE345-8358-4051-AD5F-23DB14517861}.Release|Any CPU.Build.0 = Release|Any CPU
	EndGlobalSection
	GlobalSection(SolutionProperties) = preSolution
		HideSolutionNode = FALSE
	EndGlobalSection
	GlobalSection(ExtensibilityGlobals) = postSolution
		SolutionGuid = {C7B17D31-97FB-4E3D-9120-7FED8C3B98CC}
	EndGlobalSection
EndGlobal
